
Microsoft Visual Studio Solution File, Format Version 12.00
# Visual Studio Version 16
VisualStudioVersion = 16.0.31321.278
MinimumVisualStudioVersion = 10.0.40219.1
Project("{FAE04EC0-301F-11D3-BF4B-00C04F79EFBC}") = "TaskManager", "TaskManager\TaskManager.csproj", "{D5AB062F-4B36-492C-91B4-DAF7C4853217}"
EndProject
Global
	GlobalSection(SolutionConfigurationPlatforms) = preSolution
		Debug|Any CPU = Debug|Any CPU
		Release|Any CPU = Release|Any CPU
	EndGlobalSection
	GlobalSection(ProjectConfigurationPlatforms) = postSolution
		{D5AB062F-4B36-492C-91B4-DAF7C4853217}.Debug|Any CPU.ActiveCfg = Debug|Any CPU
		{D5AB062F-4B36-492C-91B4-DAF7C4853217}.Debug|Any CPU.Build.0 = Debug|Any CPU
		{D5AB062F-4B36-492C-91B4-DAF7C4853217}.Release|Any CPU.ActiveCfg = Release|Any CPU
		{D5AB062F-4B36-492C-91B4-DAF7C4853217}.Release|Any CPU.Build.0 = Release|Any CPU
	EndGlobalSection
	GlobalSection(SolutionProperties) = preSolution
		HideSolutionNode = FALSE
	EndGlobalSection
	GlobalSection(ExtensibilityGlobals) = postSolution
		SolutionGuid = {A43B03A4-6760-4955-B15C-869CDB9319CB}
	EndGlobalSection
EndGlobal
